
Microsoft Visual Studio Solution File, Format Version 12.00
# Visual Studio Version 16
VisualStudioVersion = 16.0.31702.278
MinimumVisualStudioVersion = 10.0.40219.1
Project("{FAE04EC0-301F-11D3-BF4B-00C04F79EFBC}") = "3 ve 7 bolunen", "3 ve 7 bolunen\3 ve 7 bolunen.csproj", "{F735BD38-D1D1-434E-B1C8-308EA73CD42D}"
EndProject
Global
	GlobalSection(SolutionConfigurationPlatforms) = preSolution
		Debug|Any CPU = Debug|Any CPU
		Release|Any CPU = Release|Any CPU
	EndGlobalSection
	GlobalSection(ProjectConfigurationPlatforms) = postSolution
		{F735BD38-D1D1-434E-B1C8-308EA73CD42D}.Debug|Any CPU.ActiveCfg = Debug|Any CPU
		{F735BD38-D1D1-434E-B1C8-308EA73CD42D}.Debug|Any CPU.Build.0 = Debug|Any CPU
		{F735BD38-D1D1-434E-B1C8-308EA73CD42D}.Release|Any CPU.ActiveCfg = Release|Any CPU
		{F735BD38-D1D1-434E-B1C8-308EA73CD42D}.Release|Any CPU.Build.0 = Release|Any CPU
	EndGlobalSection
	GlobalSection(SolutionProperties) = preSolution
		HideSolutionNode = FALSE
	EndGlobalSection
	GlobalSection(ExtensibilityGlobals) = postSolution
		SolutionGuid = {7AD4426C-66E0-43E1-A674-B2856521A611}
	EndGlobalSection
EndGlobal
